
Microsoft Visual Studio Solution File, Format Version 12.00
# Visual Studio Version 16
VisualStudioVersion = 16.0.30804.86
MinimumVisualStudioVersion = 10.0.40219.1
Project("{FAE04EC0-301F-11D3-BF4B-00C04F79EFBC}") = "TrackerLibrary", "TrackerLibrary\TrackerLibrary.csproj", "{8E1C0748-AB57-4C7B-B4F1-E612A4BDAA8A}"
EndProject
Project("{FAE04EC0-301F-11D3-BF4B-00C04F79EFBC}") = "TrackerUI", "TrackerUI\TrackerUI.csproj", "{21881F09-8CF9-4AF7-A129-FACA494EF95E}"
EndProject
Global
	GlobalSection(SolutionConfigurationPlatforms) = preSolution
		Debug|Any CPU = Debug|Any CPU
		Release|Any CPU = Release|Any CPU
	EndGlobalSection
	GlobalSection(ProjectConfigurationPlatforms) = postSolution
		{8E1C0748-AB57-4C7B-B4F1-E612A4BDAA8A}.Debug|Any CPU.ActiveCfg = Debug|Any CPU
		{8E1C0748-AB57-4C7B-B4F1-E612A4BDAA8A}.Debug|Any CPU.Build.0 = Debug|Any CPU
		{8E1C0748-AB57-4C7B-B4F1-E612A4BDAA8A}.Release|Any CPU.ActiveCfg = Release|Any CPU
		{8E1C0748-AB57-4C7B-B4F1-E612A4BDAA8A}.Release|Any CPU.Build.0 = Release|Any CPU
		{21881F09-8CF9-4AF7-A129-FACA494EF95E}.Debug|Any CPU.ActiveCfg = Debug|Any CPU
		{21881F09-8CF9-4AF7-A129-FACA494EF95E}.Debug|Any CPU.Build.0 = Debug|Any CPU
		{21881F09-8CF9-4AF7-A129-FACA494EF95E}.Release|Any CPU.ActiveCfg = Release|Any CPU
		{21881F09-8CF9-4AF7-A129-FACA494EF95E}.Release|Any CPU.Build.0 = Release|Any CPU
	EndGlobalSection
	GlobalSection(SolutionProperties) = preSolution
		HideSolutionNode = FALSE
	EndGlobalSection
	GlobalSection(ExtensibilityGlobals) = postSolution
		SolutionGuid = {C19406A6-D641-41B9-B57A-323DA502BC0F}
	EndGlobalSection
EndGlobal
